# This file is automatically @generated by Cargo.
# It is not intended for manual editing.
[[package]]
name = "aligned"
version = "0.2.0"
source = "registry+https://github.com/rust-lang/crates.io-index"

[[package]]
name = "alloc-cortex-m"
version = "0.3.5"
source = "registry+https://github.com/rust-lang/crates.io-index"
dependencies = [
 "cortex-m 0.1.8 (registry+https://github.com/rust-lang/crates.io-index)",
 "linked_list_allocator 0.6.3 (registry+https://github.com/rust-lang/crates.io-index)",
]

[[package]]
name = "arrayvec"
version = "0.4.10"
source = "registry+https://github.com/rust-lang/crates.io-index"
dependencies = [
 "nodrop 0.1.13 (registry+https://github.com/rust-lang/crates.io-index)",
]

[[package]]
name = "bare-metal"
version = "0.2.4"
source = "registry+https://github.com/rust-lang/crates.io-index"
dependencies = [
 "rustc_version 0.2.3 (registry+https://github.com/rust-lang/crates.io-index)",
]

[[package]]
name = "bit_field"
version = "0.9.0"
source = "registry+https://github.com/rust-lang/crates.io-index"

[[package]]
name = "bitflags"
version = "1.0.4"
source = "registry+https://github.com/rust-lang/crates.io-index"

[[package]]
name = "byteorder"
version = "1.3.1"
source = "registry+https://github.com/rust-lang/crates.io-index"

[[package]]
name = "core"
version = "0.1.0"

[[package]]
name = "cortex-m"
version = "0.1.8"
source = "registry+https://github.com/rust-lang/crates.io-index"
dependencies = [
 "volatile-register 0.1.2 (registry+https://github.com/rust-lang/crates.io-index)",
]

[[package]]
name = "cortex-m"
version = "0.5.8"
source = "registry+https://github.com/rust-lang/crates.io-index"
dependencies = [
 "aligned 0.2.0 (registry+https://github.com/rust-lang/crates.io-index)",
 "bare-metal 0.2.4 (registry+https://github.com/rust-lang/crates.io-index)",
 "volatile-register 0.2.0 (registry+https://github.com/rust-lang/crates.io-index)",
]

[[package]]
name = "cortex-m-rt"
version = "0.6.7"
source = "git+https://github.com/rust-embedded/cortex-m-rt.git#2bc54075639693c8c49fa20d003eceabfa8fbde8"
dependencies = [
 "cortex-m-rt-macros 0.1.5 (git+https://github.com/rust-embedded/cortex-m-rt.git)",
 "r0 0.2.2 (registry+https://github.com/rust-lang/crates.io-index)",
]

[[package]]
name = "cortex-m-rt-macros"
version = "0.1.5"
source = "git+https://github.com/rust-embedded/cortex-m-rt.git#2bc54075639693c8c49fa20d003eceabfa8fbde8"
dependencies = [
 "proc-macro2 0.4.27 (registry+https://github.com/rust-lang/crates.io-index)",
 "quote 0.6.11 (registry+https://github.com/rust-lang/crates.io-index)",
 "rand 0.5.6 (registry+https://github.com/rust-lang/crates.io-index)",
 "syn 0.15.26 (registry+https://github.com/rust-lang/crates.io-index)",
]

[[package]]
name = "cortex-m-semihosting"
version = "0.3.2"
source = "registry+https://github.com/rust-lang/crates.io-index"
dependencies = [
 "cortex-m 0.5.8 (registry+https://github.com/rust-lang/crates.io-index)",
]

[[package]]
name = "either"
version = "1.5.1"
source = "registry+https://github.com/rust-lang/crates.io-index"

[[package]]
name = "embedded-hal"
version = "0.2.2"
source = "registry+https://github.com/rust-lang/crates.io-index"
dependencies = [
 "nb 0.1.1 (registry+https://github.com/rust-lang/crates.io-index)",
 "void 1.0.2 (registry+https://github.com/rust-lang/crates.io-index)",
]

[[package]]
name = "font8x8"
version = "0.2.4"
source = "registry+https://github.com/rust-lang/crates.io-index"

[[package]]
name = "futures-channel-preview"
version = "0.3.0-alpha.13"
source = "git+https://github.com/rust-lang-nursery/futures-rs.git#8735d40e3c0dad592fb2b0696889b8b4bf57e3e9"
dependencies = [
 "futures-core-preview 0.3.0-alpha.13 (git+https://github.com/rust-lang-nursery/futures-rs.git)",
]

[[package]]
name = "futures-core-preview"
version = "0.3.0-alpha.13"
source = "git+https://github.com/rust-lang-nursery/futures-rs.git#8735d40e3c0dad592fb2b0696889b8b4bf57e3e9"

[[package]]
name = "futures-executor-preview"
version = "0.3.0-alpha.13"
source = "git+https://github.com/rust-lang-nursery/futures-rs.git#8735d40e3c0dad592fb2b0696889b8b4bf57e3e9"
dependencies = [
 "futures-channel-preview 0.3.0-alpha.13 (git+https://github.com/rust-lang-nursery/futures-rs.git)",
 "futures-core-preview 0.3.0-alpha.13 (git+https://github.com/rust-lang-nursery/futures-rs.git)",
 "futures-util-preview 0.3.0-alpha.13 (git+https://github.com/rust-lang-nursery/futures-rs.git)",
 "pin-utils 0.1.0-alpha.4 (registry+https://github.com/rust-lang/crates.io-index)",
]

[[package]]
name = "futures-io-preview"
version = "0.3.0-alpha.13"
source = "git+https://github.com/rust-lang-nursery/futures-rs.git#8735d40e3c0dad592fb2b0696889b8b4bf57e3e9"
dependencies = [
 "futures-core-preview 0.3.0-alpha.13 (git+https://github.com/rust-lang-nursery/futures-rs.git)",
]

[[package]]
name = "futures-preview"
version = "0.3.0-alpha.13"
source = "git+https://github.com/rust-lang-nursery/futures-rs.git#8735d40e3c0dad592fb2b0696889b8b4bf57e3e9"
dependencies = [
 "futures-channel-preview 0.3.0-alpha.13 (git+https://github.com/rust-lang-nursery/futures-rs.git)",
 "futures-core-preview 0.3.0-alpha.13 (git+https://github.com/rust-lang-nursery/futures-rs.git)",
 "futures-executor-preview 0.3.0-alpha.13 (git+https://github.com/rust-lang-nursery/futures-rs.git)",
 "futures-io-preview 0.3.0-alpha.13 (git+https://github.com/rust-lang-nursery/futures-rs.git)",
 "futures-sink-preview 0.3.0-alpha.13 (git+https://github.com/rust-lang-nursery/futures-rs.git)",
 "futures-util-preview 0.3.0-alpha.13 (git+https://github.com/rust-lang-nursery/futures-rs.git)",
]

[[package]]
name = "futures-select-macro-preview"
version = "0.3.0-alpha.13"
source = "git+https://github.com/rust-lang-nursery/futures-rs.git#8735d40e3c0dad592fb2b0696889b8b4bf57e3e9"
dependencies = [
 "proc-macro-hack 0.5.4 (registry+https://github.com/rust-lang/crates.io-index)",
 "proc-macro2 0.4.27 (registry+https://github.com/rust-lang/crates.io-index)",
 "quote 0.6.11 (registry+https://github.com/rust-lang/crates.io-index)",
 "syn 0.15.26 (registry+https://github.com/rust-lang/crates.io-index)",
]

[[package]]
name = "futures-sink-preview"
version = "0.3.0-alpha.13"
source = "git+https://github.com/rust-lang-nursery/futures-rs.git#8735d40e3c0dad592fb2b0696889b8b4bf57e3e9"
dependencies = [
 "futures-channel-preview 0.3.0-alpha.13 (git+https://github.com/rust-lang-nursery/futures-rs.git)",
 "futures-core-preview 0.3.0-alpha.13 (git+https://github.com/rust-lang-nursery/futures-rs.git)",
]

[[package]]
name = "futures-util-preview"
version = "0.3.0-alpha.13"
source = "git+https://github.com/rust-lang-nursery/futures-rs.git#8735d40e3c0dad592fb2b0696889b8b4bf57e3e9"
dependencies = [
 "either 1.5.1 (registry+https://github.com/rust-lang/crates.io-index)",
 "futures-channel-preview 0.3.0-alpha.13 (git+https://github.com/rust-lang-nursery/futures-rs.git)",
 "futures-core-preview 0.3.0-alpha.13 (git+https://github.com/rust-lang-nursery/futures-rs.git)",
 "futures-io-preview 0.3.0-alpha.13 (git+https://github.com/rust-lang-nursery/futures-rs.git)",
 "futures-select-macro-preview 0.3.0-alpha.13 (git+https://github.com/rust-lang-nursery/futures-rs.git)",
 "futures-sink-preview 0.3.0-alpha.13 (git+https://github.com/rust-lang-nursery/futures-rs.git)",
 "pin-utils 0.1.0-alpha.4 (registry+https://github.com/rust-lang/crates.io-index)",
 "proc-macro-hack 0.5.4 (registry+https://github.com/rust-lang/crates.io-index)",
 "proc-macro-nested 0.1.3 (registry+https://github.com/rust-lang/crates.io-index)",
]

[[package]]
name = "linked_list_allocator"
version = "0.6.3"
source = "registry+https://github.com/rust-lang/crates.io-index"

[[package]]
name = "managed"
version = "0.7.1"
source = "registry+https://github.com/rust-lang/crates.io-index"

[[package]]
name = "nb"
version = "0.1.1"
source = "registry+https://github.com/rust-lang/crates.io-index"

[[package]]
name = "nodrop"
version = "0.1.13"
source = "registry+https://github.com/rust-lang/crates.io-index"

[[package]]
name = "pin-utils"
version = "0.1.0-alpha.4"
source = "registry+https://github.com/rust-lang/crates.io-index"

[[package]]
name = "proc-macro-hack"
version = "0.5.4"
source = "registry+https://github.com/rust-lang/crates.io-index"
dependencies = [
 "proc-macro2 0.4.27 (registry+https://github.com/rust-lang/crates.io-index)",
 "quote 0.6.11 (registry+https://github.com/rust-lang/crates.io-index)",
 "syn 0.15.26 (registry+https://github.com/rust-lang/crates.io-index)",
]

[[package]]
name = "proc-macro-nested"
version = "0.1.3"
source = "registry+https://github.com/rust-lang/crates.io-index"

[[package]]
name = "proc-macro2"
version = "0.4.27"
source = "registry+https://github.com/rust-lang/crates.io-index"
dependencies = [
 "unicode-xid 0.1.0 (registry+https://github.com/rust-lang/crates.io-index)",
]

[[package]]
name = "quote"
version = "0.6.11"
source = "registry+https://github.com/rust-lang/crates.io-index"
dependencies = [
 "proc-macro2 0.4.27 (registry+https://github.com/rust-lang/crates.io-index)",
]

[[package]]
name = "r0"
version = "0.2.2"
source = "registry+https://github.com/rust-lang/crates.io-index"

[[package]]
name = "rand"
version = "0.5.6"
source = "registry+https://github.com/rust-lang/crates.io-index"
dependencies = [
 "rand_core 0.3.1 (registry+https://github.com/rust-lang/crates.io-index)",
]

[[package]]
name = "rand_core"
version = "0.3.1"
source = "registry+https://github.com/rust-lang/crates.io-index"
dependencies = [
 "rand_core 0.4.0 (registry+https://github.com/rust-lang/crates.io-index)",
]

[[package]]
name = "rand_core"
version = "0.4.0"
source = "registry+https://github.com/rust-lang/crates.io-index"

[[package]]
name = "rustc_version"
version = "0.2.3"
source = "registry+https://github.com/rust-lang/crates.io-index"
dependencies = [
 "semver 0.9.0 (registry+https://github.com/rust-lang/crates.io-index)",
]

[[package]]
name = "semver"
version = "0.9.0"
source = "registry+https://github.com/rust-lang/crates.io-index"
dependencies = [
 "semver-parser 0.7.0 (registry+https://github.com/rust-lang/crates.io-index)",
]

[[package]]
name = "semver-parser"
version = "0.7.0"
source = "registry+https://github.com/rust-lang/crates.io-index"

[[package]]
name = "smoltcp"
version = "0.5.0"
source = "git+https://github.com/astro/smoltcp.git?branch=dhcp#8333045cbce83c122b091b62da7dc3d002a4c9b2"
dependencies = [
 "bitflags 1.0.4 (registry+https://github.com/rust-lang/crates.io-index)",
 "byteorder 1.3.1 (registry+https://github.com/rust-lang/crates.io-index)",
 "managed 0.7.1 (registry+https://github.com/rust-lang/crates.io-index)",
]

[[package]]
name = "spin"
version = "0.4.10"
source = "registry+https://github.com/rust-lang/crates.io-index"

[[package]]
name = "stm32f7"
version = "0.3.2"
source = "registry+https://github.com/rust-lang/crates.io-index"
dependencies = [
 "bare-metal 0.2.4 (registry+https://github.com/rust-lang/crates.io-index)",
 "cortex-m 0.5.8 (registry+https://github.com/rust-lang/crates.io-index)",
 "cortex-m-rt 0.6.7 (git+https://github.com/rust-embedded/cortex-m-rt.git)",
 "vcell 0.1.0 (registry+https://github.com/rust-lang/crates.io-index)",
]

[[package]]
name = "stm32f7-discovery"
version = "0.1.0"
dependencies = [
 "alloc-cortex-m 0.3.5 (registry+https://github.com/rust-lang/crates.io-index)",
 "arrayvec 0.4.10 (registry+https://github.com/rust-lang/crates.io-index)",
 "bare-metal 0.2.4 (registry+https://github.com/rust-lang/crates.io-index)",
 "bit_field 0.9.0 (registry+https://github.com/rust-lang/crates.io-index)",
 "bitflags 1.0.4 (registry+https://github.com/rust-lang/crates.io-index)",
 "byteorder 1.3.1 (registry+https://github.com/rust-lang/crates.io-index)",
 "core 0.1.0",
 "cortex-m 0.5.8 (registry+https://github.com/rust-lang/crates.io-index)",
 "cortex-m-rt 0.6.7 (git+https://github.com/rust-embedded/cortex-m-rt.git)",
 "cortex-m-semihosting 0.3.2 (registry+https://github.com/rust-lang/crates.io-index)",
 "embedded-hal 0.2.2 (registry+https://github.com/rust-lang/crates.io-index)",
 "font8x8 0.2.4 (registry+https://github.com/rust-lang/crates.io-index)",
 "futures-preview 0.3.0-alpha.13 (git+https://github.com/rust-lang-nursery/futures-rs.git)",
 "pin-utils 0.1.0-alpha.4 (registry+https://github.com/rust-lang/crates.io-index)",
 "smoltcp 0.5.0 (git+https://github.com/astro/smoltcp.git?branch=dhcp)",
 "spin 0.4.10 (registry+https://github.com/rust-lang/crates.io-index)",
 "stm32f7 0.3.2 (registry+https://github.com/rust-lang/crates.io-index)",
 "volatile 0.2.6 (registry+https://github.com/rust-lang/crates.io-index)",
]

[[package]]
name = "syn"
version = "0.15.26"
source = "registry+https://github.com/rust-lang/crates.io-index"
dependencies = [
 "proc-macro2 0.4.27 (registry+https://github.com/rust-lang/crates.io-index)",
 "quote 0.6.11 (registry+https://github.com/rust-lang/crates.io-index)",
 "unicode-xid 0.1.0 (registry+https://github.com/rust-lang/crates.io-index)",
]

[[package]]
name = "unicode-xid"
version = "0.1.0"
source = "registry+https://github.com/rust-lang/crates.io-index"

[[package]]
name = "vcell"
version = "0.1.0"
source = "registry+https://github.com/rust-lang/crates.io-index"

[[package]]
name = "void"
version = "1.0.2"
source = "registry+https://github.com/rust-lang/crates.io-index"

[[package]]
name = "volatile"
version = "0.2.6"
source = "registry+https://github.com/rust-lang/crates.io-index"

[[package]]
name = "volatile-register"
version = "0.1.2"
source = "registry+https://github.com/rust-lang/crates.io-index"

[[package]]
name = "volatile-register"
version = "0.2.0"
source = "registry+https://github.com/rust-lang/crates.io-index"
dependencies = [
 "vcell 0.1.0 (registry+https://github.com/rust-lang/crates.io-index)",
]

[metadata]
"checksum aligned 0.2.0 (registry+https://github.com/rust-lang/crates.io-index)" = "d39da9b88ae1a81c03c9c082b8db83f1d0e93914126041962af61034ab44c4a5"
"checksum alloc-cortex-m 0.3.5 (registry+https://github.com/rust-lang/crates.io-index)" = "6d5f7d01bc93ce089de636f946f7f1fdc5e5d751732367e019c9755440e7aef4"
"checksum arrayvec 0.4.10 (registry+https://github.com/rust-lang/crates.io-index)" = "92c7fb76bc8826a8b33b4ee5bb07a247a81e76764ab4d55e8f73e3a4d8808c71"
"checksum bare-metal 0.2.4 (registry+https://github.com/rust-lang/crates.io-index)" = "a3caf393d93b2d453e80638d0674597020cef3382ada454faacd43d1a55a735a"
"checksum bit_field 0.9.0 (registry+https://github.com/rust-lang/crates.io-index)" = "ed8765909f9009617974ab6b7d332625b320b33c326b1e9321382ef1999b5d56"
"checksum bitflags 1.0.4 (registry+https://github.com/rust-lang/crates.io-index)" = "228047a76f468627ca71776ecdebd732a3423081fcf5125585bcd7c49886ce12"
"checksum byteorder 1.3.1 (registry+https://github.com/rust-lang/crates.io-index)" = "a019b10a2a7cdeb292db131fc8113e57ea2a908f6e7894b0c3c671893b65dbeb"
"checksum cortex-m 0.1.8 (registry+https://github.com/rust-lang/crates.io-index)" = "3df5de9a9829f2ccb7defa8945fa020c6614cd2f6ba9b5f33db9241dcc01985e"
"checksum cortex-m 0.5.8 (registry+https://github.com/rust-lang/crates.io-index)" = "dab2164a0fc216781a47fc343347365112ae6917421d3fa4bac6faf0fbaaaec7"
"checksum cortex-m-rt 0.6.7 (git+https://github.com/rust-embedded/cortex-m-rt.git)" = "<none>"
"checksum cortex-m-rt-macros 0.1.5 (git+https://github.com/rust-embedded/cortex-m-rt.git)" = "<none>"
"checksum cortex-m-semihosting 0.3.2 (registry+https://github.com/rust-lang/crates.io-index)" = "d1dc2abec1a772e8bb697cad17d5710f180043caf8939820f0f6ba4b7ae2a4b5"
"checksum either 1.5.1 (registry+https://github.com/rust-lang/crates.io-index)" = "c67353c641dc847124ea1902d69bd753dee9bb3beff9aa3662ecf86c971d1fac"
"checksum embedded-hal 0.2.2 (registry+https://github.com/rust-lang/crates.io-index)" = "9880e55238830314d41d88f1ac7a819d495799c3cc3bc392cc172bab26428c33"
"checksum font8x8 0.2.4 (registry+https://github.com/rust-lang/crates.io-index)" = "b81d84c3c978af7d05d31a2198af4b9ba956d819d15d8f6d58fc150e33f8dc1f"
"checksum futures-channel-preview 0.3.0-alpha.13 (git+https://github.com/rust-lang-nursery/futures-rs.git)" = "<none>"
"checksum futures-core-preview 0.3.0-alpha.13 (git+https://github.com/rust-lang-nursery/futures-rs.git)" = "<none>"
"checksum futures-executor-preview 0.3.0-alpha.13 (git+https://github.com/rust-lang-nursery/futures-rs.git)" = "<none>"
"checksum futures-io-preview 0.3.0-alpha.13 (git+https://github.com/rust-lang-nursery/futures-rs.git)" = "<none>"
"checksum futures-preview 0.3.0-alpha.13 (git+https://github.com/rust-lang-nursery/futures-rs.git)" = "<none>"
"checksum futures-select-macro-preview 0.3.0-alpha.13 (git+https://github.com/rust-lang-nursery/futures-rs.git)" = "<none>"
"checksum futures-sink-preview 0.3.0-alpha.13 (git+https://github.com/rust-lang-nursery/futures-rs.git)" = "<none>"
"checksum futures-util-preview 0.3.0-alpha.13 (git+https://github.com/rust-lang-nursery/futures-rs.git)" = "<none>"
"checksum linked_list_allocator 0.6.3 (registry+https://github.com/rust-lang/crates.io-index)" = "655d57c71827fe0891ce72231b6aa5e14033dae3f604609e6a6f807267c1678d"
"checksum managed 0.7.1 (registry+https://github.com/rust-lang/crates.io-index)" = "fdcec5e97041c7f0f1c5b7d93f12e57293c831c646f4cc7a5db59460c7ea8de6"
"checksum nb 0.1.1 (registry+https://github.com/rust-lang/crates.io-index)" = "69f380b5fe9fab8c0d7a6a99cda23e2cc0463bedb2cbc3aada0813b98496ecdc"
"checksum nodrop 0.1.13 (registry+https://github.com/rust-lang/crates.io-index)" = "2f9667ddcc6cc8a43afc9b7917599d7216aa09c463919ea32c59ed6cac8bc945"
"checksum pin-utils 0.1.0-alpha.4 (registry+https://github.com/rust-lang/crates.io-index)" = "5894c618ce612a3fa23881b152b608bafb8c56cfc22f434a3ba3120b40f7b587"
"checksum proc-macro-hack 0.5.4 (registry+https://github.com/rust-lang/crates.io-index)" = "3e90aa19cd73dedc2d0e1e8407473f073d735fef0ab521438de6da8ee449ab66"
"checksum proc-macro-nested 0.1.3 (registry+https://github.com/rust-lang/crates.io-index)" = "369a6ed065f249a159e06c45752c780bda2fb53c995718f9e484d08daa9eb42e"
"checksum proc-macro2 0.4.27 (registry+https://github.com/rust-lang/crates.io-index)" = "4d317f9caece796be1980837fd5cb3dfec5613ebdb04ad0956deea83ce168915"
"checksum quote 0.6.11 (registry+https://github.com/rust-lang/crates.io-index)" = "cdd8e04bd9c52e0342b406469d494fcb033be4bdbe5c606016defbb1681411e1"
"checksum r0 0.2.2 (registry+https://github.com/rust-lang/crates.io-index)" = "e2a38df5b15c8d5c7e8654189744d8e396bddc18ad48041a500ce52d6948941f"
"checksum rand 0.5.6 (registry+https://github.com/rust-lang/crates.io-index)" = "c618c47cd3ebd209790115ab837de41425723956ad3ce2e6a7f09890947cacb9"
"checksum rand_core 0.3.1 (registry+https://github.com/rust-lang/crates.io-index)" = "7a6fdeb83b075e8266dcc8762c22776f6877a63111121f5f8c7411e5be7eed4b"
"checksum rand_core 0.4.0 (registry+https://github.com/rust-lang/crates.io-index)" = "d0e7a549d590831370895ab7ba4ea0c1b6b011d106b5ff2da6eee112615e6dc0"
"checksum rustc_version 0.2.3 (registry+https://github.com/rust-lang/crates.io-index)" = "138e3e0acb6c9fb258b19b67cb8abd63c00679d2851805ea151465464fe9030a"
"checksum semver 0.9.0 (registry+https://github.com/rust-lang/crates.io-index)" = "1d7eb9ef2c18661902cc47e535f9bc51b78acd254da71d375c2f6720d9a40403"
"checksum semver-parser 0.7.0 (registry+https://github.com/rust-lang/crates.io-index)" = "388a1df253eca08550bef6c72392cfe7c30914bf41df5269b68cbd6ff8f570a3"
"checksum smoltcp 0.5.0 (git+https://github.com/astro/smoltcp.git?branch=dhcp)" = "<none>"
"checksum spin 0.4.10 (registry+https://github.com/rust-lang/crates.io-index)" = "ceac490aa12c567115b40b7b7fceca03a6c9d53d5defea066123debc83c5dc1f"
"checksum stm32f7 0.3.2 (registry+https://github.com/rust-lang/crates.io-index)" = "d0cd6ef1ebfd3235d51c275008de5318505403cdbef9267516b2a82895b10e50"
"checksum syn 0.15.26 (registry+https://github.com/rust-lang/crates.io-index)" = "f92e629aa1d9c827b2bb8297046c1ccffc57c99b947a680d3ccff1f136a3bee9"
"checksum unicode-xid 0.1.0 (registry+https://github.com/rust-lang/crates.io-index)" = "fc72304796d0818e357ead4e000d19c9c174ab23dc11093ac919054d20a6a7fc"
"checksum vcell 0.1.0 (registry+https://github.com/rust-lang/crates.io-index)" = "45c297f0afb6928cd08ab1ff9d95e99392595ea25ae1b5ecf822ff8764e57a0d"
"checksum void 1.0.2 (registry+https://github.com/rust-lang/crates.io-index)" = "6a02e4885ed3bc0f2de90ea6dd45ebcbb66dacffe03547fadbb0eeae2770887d"
"checksum volatile 0.2.6 (registry+https://github.com/rust-lang/crates.io-index)" = "6af0edf5b4faacc31fc51159244d78d65ec580f021afcef7bd53c04aeabc7f29"
"checksum volatile-register 0.1.2 (registry+https://github.com/rust-lang/crates.io-index)" = "a470889aa8f2d3ad893bd43cd90c824e63e8ac0ee5fe64c5d81a932d184fd549"
"checksum volatile-register 0.2.0 (registry+https://github.com/rust-lang/crates.io-index)" = "0d67cb4616d99b940db1d6bd28844ff97108b498a6ca850e5b6191a532063286"
