[root]
name = "stm32f7_discovery"
version = "0.1.0"
dependencies = [
 "alloc-cortex-m 0.2.2 (git+https://github.com/f-bro/alloc-cortex-m.git?branch=new-alloc-api)",
 "arrayvec 0.3.23 (registry+https://github.com/rust-lang/crates.io-index)",
 "bit_field 0.7.0 (registry+https://github.com/rust-lang/crates.io-index)",
 "byteorder 1.1.0 (registry+https://github.com/rust-lang/crates.io-index)",
 "cortex-m 0.1.7 (registry+https://github.com/rust-lang/crates.io-index)",
 "embedded_stm32f7 0.1.0 (git+https://github.com/embed-rs/embedded_stm32f7.git)",
 "net 0.1.0 (git+https://github.com/embed-rs/net.git)",
 "r0 0.1.0 (registry+https://github.com/rust-lang/crates.io-index)",
 "rusttype 0.2.1 (git+https://github.com/phil-opp/rusttype.git?branch=no_std)",
 "spin 0.4.6 (registry+https://github.com/rust-lang/crates.io-index)",
 "volatile 0.2.3 (registry+https://github.com/rust-lang/crates.io-index)",
]

[[package]]
name = "alloc-cortex-m"
version = "0.2.2"
source = "git+https://github.com/f-bro/alloc-cortex-m.git?branch=new-alloc-api#b30462a3d8f83300f972b9c7e7923ba15a6acdfa"
dependencies = [
 "cortex-m 0.1.7 (registry+https://github.com/rust-lang/crates.io-index)",
 "linked_list_allocator 0.4.2 (git+https://github.com/phil-opp/linked-list-allocator.git)",
]

[[package]]
name = "arrayvec"
version = "0.3.23"
source = "registry+https://github.com/rust-lang/crates.io-index"
dependencies = [
 "nodrop 0.1.9 (registry+https://github.com/rust-lang/crates.io-index)",
 "odds 0.2.25 (registry+https://github.com/rust-lang/crates.io-index)",
]

[[package]]
name = "bit_field"
version = "0.4.0"
source = "registry+https://github.com/rust-lang/crates.io-index"

[[package]]
name = "bit_field"
version = "0.6.1"
source = "registry+https://github.com/rust-lang/crates.io-index"

[[package]]
name = "bit_field"
version = "0.7.0"
source = "registry+https://github.com/rust-lang/crates.io-index"

[[package]]
name = "bitflags"
version = "0.7.0"
source = "registry+https://github.com/rust-lang/crates.io-index"

[[package]]
name = "bitflags-associated-constants"
version = "0.6.0"
source = "registry+https://github.com/rust-lang/crates.io-index"

[[package]]
name = "byteorder"
version = "1.1.0"
source = "registry+https://github.com/rust-lang/crates.io-index"

[[package]]
name = "cortex-m"
version = "0.1.7"
source = "registry+https://github.com/rust-lang/crates.io-index"
dependencies = [
 "volatile-register 0.1.2 (registry+https://github.com/rust-lang/crates.io-index)",
]

[[package]]
name = "embedded"
version = "0.3.0"
source = "git+https://github.com/embed-rs/embedded-rs.git#dac92b81eb877765256b75a02a606fed9c96dffc"
dependencies = [
 "arrayvec 0.3.23 (registry+https://github.com/rust-lang/crates.io-index)",
 "bit_field 0.4.0 (registry+https://github.com/rust-lang/crates.io-index)",
 "bitflags 0.7.0 (registry+https://github.com/rust-lang/crates.io-index)",
 "volatile 0.2.3 (registry+https://github.com/rust-lang/crates.io-index)",
]

[[package]]
name = "embedded_stm32f7"
version = "0.1.0"
source = "git+https://github.com/embed-rs/embedded_stm32f7.git#67730b1ff3e7e79209b611a5f986501bb442f4b6"
dependencies = [
 "bit_field 0.6.1 (registry+https://github.com/rust-lang/crates.io-index)",
 "embedded 0.3.0 (git+https://github.com/embed-rs/embedded-rs.git)",
 "once 0.3.3 (registry+https://github.com/rust-lang/crates.io-index)",
 "volatile 0.2.3 (registry+https://github.com/rust-lang/crates.io-index)",
]

[[package]]
name = "linked_list_allocator"
version = "0.4.2"
source = "git+https://github.com/phil-opp/linked-list-allocator.git#7979db9dcb30f7d1212edd16aef4241a0e0fcb40"
dependencies = [
 "spin 0.4.6 (registry+https://github.com/rust-lang/crates.io-index)",
]

[[package]]
name = "net"
version = "0.1.0"
source = "git+https://github.com/embed-rs/net.git#ccd3238b567ee5e1591a2534d6713fe0eded7b47"
dependencies = [
 "bit_field 0.7.0 (registry+https://github.com/rust-lang/crates.io-index)",
 "bitflags-associated-constants 0.6.0 (registry+https://github.com/rust-lang/crates.io-index)",
 "byteorder 1.1.0 (registry+https://github.com/rust-lang/crates.io-index)",
]

[[package]]
name = "nodrop"
version = "0.1.9"
source = "registry+https://github.com/rust-lang/crates.io-index"
dependencies = [
 "odds 0.2.25 (registry+https://github.com/rust-lang/crates.io-index)",
]

[[package]]
name = "odds"
version = "0.2.25"
source = "registry+https://github.com/rust-lang/crates.io-index"

[[package]]
name = "once"
version = "0.3.3"
source = "registry+https://github.com/rust-lang/crates.io-index"

[[package]]
name = "r0"
version = "0.1.0"
source = "registry+https://github.com/rust-lang/crates.io-index"

[[package]]
name = "rusttype"
version = "0.2.1"
source = "git+https://github.com/phil-opp/rusttype.git?branch=no_std#0fedf1e3b07538d6f13075819afa40e4ad73ff11"
dependencies = [
 "arrayvec 0.3.23 (registry+https://github.com/rust-lang/crates.io-index)",
 "stb_truetype 0.2.1 (git+https://github.com/phil-opp/stb_truetype-rs.git)",
]

[[package]]
name = "spin"
version = "0.4.6"
source = "registry+https://github.com/rust-lang/crates.io-index"

[[package]]
name = "stb_truetype"
version = "0.2.1"
source = "git+https://github.com/phil-opp/stb_truetype-rs.git#6d546c1b9c6c880d8e0eeca6a8592c50f66b91e0"
dependencies = [
 "byteorder 1.1.0 (registry+https://github.com/rust-lang/crates.io-index)",
]

[[package]]
name = "volatile"
version = "0.2.3"
source = "registry+https://github.com/rust-lang/crates.io-index"

[[package]]
name = "volatile-register"
version = "0.1.2"
source = "registry+https://github.com/rust-lang/crates.io-index"

[metadata]
"checksum alloc-cortex-m 0.2.2 (git+https://github.com/f-bro/alloc-cortex-m.git?branch=new-alloc-api)" = "<none>"
"checksum arrayvec 0.3.23 (registry+https://github.com/rust-lang/crates.io-index)" = "699e63a93b79d717e8c3b5eb1b28b7780d0d6d9e59a72eb769291c83b0c8dc67"
"checksum bit_field 0.4.0 (registry+https://github.com/rust-lang/crates.io-index)" = "8c7f2626c064227bf8d383b35223f8ac9b7d33a7999f7bd9a5b5e491583061f6"
"checksum bit_field 0.6.1 (registry+https://github.com/rust-lang/crates.io-index)" = "2f2608c2dbf1057804d86937a32731a17458a60b10e83ad91c1c35c36e522f5d"
"checksum bit_field 0.7.0 (registry+https://github.com/rust-lang/crates.io-index)" = "ff91a64014e1bc53bf643920f2c9ab5f0980d92a0948295f3ee550e9266849ad"
"checksum bitflags 0.7.0 (registry+https://github.com/rust-lang/crates.io-index)" = "aad18937a628ec6abcd26d1489012cc0e18c21798210f491af69ded9b881106d"
"checksum bitflags-associated-constants 0.6.0 (registry+https://github.com/rust-lang/crates.io-index)" = "b728f25689d3cfa631e76bcec5c52fcbf6aae99a2bdba77900f78f691b9bc9fe"
"checksum byteorder 1.1.0 (registry+https://github.com/rust-lang/crates.io-index)" = "ff81738b726f5d099632ceaffe7fb65b90212e8dce59d518729e7e8634032d3d"
"checksum cortex-m 0.1.7 (registry+https://github.com/rust-lang/crates.io-index)" = "de9b334d0778b1ace2dfb63672594d0c0db093a3924617ad4e2f1669d32832dc"
"checksum embedded 0.3.0 (git+https://github.com/embed-rs/embedded-rs.git)" = "<none>"
"checksum embedded_stm32f7 0.1.0 (git+https://github.com/embed-rs/embedded_stm32f7.git)" = "<none>"
"checksum linked_list_allocator 0.4.2 (git+https://github.com/phil-opp/linked-list-allocator.git)" = "<none>"
"checksum net 0.1.0 (git+https://github.com/embed-rs/net.git)" = "<none>"
"checksum nodrop 0.1.9 (registry+https://github.com/rust-lang/crates.io-index)" = "52cd74cd09beba596430cc6e3091b74007169a56246e1262f0ba451ea95117b2"
"checksum odds 0.2.25 (registry+https://github.com/rust-lang/crates.io-index)" = "c3df9b730298cea3a1c3faa90b7e2f9df3a9c400d0936d6015e6165734eefcba"
"checksum once 0.3.3 (registry+https://github.com/rust-lang/crates.io-index)" = "931fb7a4cf34610cf6cbe58d52a8ca5ef4c726d4e2e178abd0dc13a6551c6d73"
"checksum r0 0.1.0 (registry+https://github.com/rust-lang/crates.io-index)" = "1627d705506f5bf4c16126c4f85cd8c59d45c151f2aef890b45bdd4a91ca152f"
"checksum rusttype 0.2.1 (git+https://github.com/phil-opp/rusttype.git?branch=no_std)" = "<none>"
"checksum spin 0.4.6 (registry+https://github.com/rust-lang/crates.io-index)" = "7e4deb3c2455c73779e6d3eebceae9599fc70957e54c69fe88f93aa48e62f432"
"checksum stb_truetype 0.2.1 (git+https://github.com/phil-opp/stb_truetype-rs.git)" = "<none>"
"checksum volatile 0.2.3 (registry+https://github.com/rust-lang/crates.io-index)" = "6633c5250f16598f92b48272265ce9f8179447f702f0ba0cb640c5be6537b0c0"
"checksum volatile-register 0.1.2 (registry+https://github.com/rust-lang/crates.io-index)" = "a470889aa8f2d3ad893bd43cd90c824e63e8ac0ee5fe64c5d81a932d184fd549"
