[[package]]
name = "aligned"
version = "0.2.0"
source = "registry+https://github.com/rust-lang/crates.io-index"

[[package]]
name = "alloc-cortex-m"
version = "0.3.5"
source = "registry+https://github.com/rust-lang/crates.io-index"
dependencies = [
 "cortex-m 0.1.7 (registry+https://github.com/rust-lang/crates.io-index)",
 "linked_list_allocator 0.6.3 (registry+https://github.com/rust-lang/crates.io-index)",
]

[[package]]
name = "arrayvec"
version = "0.4.7"
source = "registry+https://github.com/rust-lang/crates.io-index"
dependencies = [
 "nodrop 0.1.12 (registry+https://github.com/rust-lang/crates.io-index)",
]

[[package]]
name = "bare-metal"
version = "0.2.1"
source = "registry+https://github.com/rust-lang/crates.io-index"

[[package]]
name = "bit_field"
version = "0.9.0"
source = "registry+https://github.com/rust-lang/crates.io-index"

[[package]]
name = "bitflags"
version = "1.0.3"
source = "registry+https://github.com/rust-lang/crates.io-index"

[[package]]
name = "byteorder"
version = "1.2.4"
source = "registry+https://github.com/rust-lang/crates.io-index"

[[package]]
name = "cc"
version = "1.0.18"
source = "registry+https://github.com/rust-lang/crates.io-index"

[[package]]
name = "cortex-m"
version = "0.1.7"
source = "registry+https://github.com/rust-lang/crates.io-index"
dependencies = [
 "volatile-register 0.1.2 (registry+https://github.com/rust-lang/crates.io-index)",
]

[[package]]
name = "cortex-m"
version = "0.5.4"
source = "registry+https://github.com/rust-lang/crates.io-index"
dependencies = [
 "aligned 0.2.0 (registry+https://github.com/rust-lang/crates.io-index)",
 "bare-metal 0.2.1 (registry+https://github.com/rust-lang/crates.io-index)",
 "cc 1.0.18 (registry+https://github.com/rust-lang/crates.io-index)",
 "volatile-register 0.2.0 (registry+https://github.com/rust-lang/crates.io-index)",
]

[[package]]
name = "cortex-m-rt"
version = "0.5.1"
source = "registry+https://github.com/rust-lang/crates.io-index"
dependencies = [
 "cc 1.0.18 (registry+https://github.com/rust-lang/crates.io-index)",
 "r0 0.2.2 (registry+https://github.com/rust-lang/crates.io-index)",
]

[[package]]
name = "cortex-m-semihosting"
version = "0.3.0"
source = "registry+https://github.com/rust-lang/crates.io-index"
dependencies = [
 "cc 1.0.18 (registry+https://github.com/rust-lang/crates.io-index)",
]

[[package]]
name = "font8x8"
version = "0.1.5"
source = "git+https://github.com/phil-opp/font8x8-rs#03866ff66820a4b73f997409c33066b406ede522"

[[package]]
name = "linked_list_allocator"
version = "0.6.3"
source = "registry+https://github.com/rust-lang/crates.io-index"

[[package]]
name = "managed"
version = "0.7.1"
source = "registry+https://github.com/rust-lang/crates.io-index"

[[package]]
name = "nodrop"
version = "0.1.12"
source = "registry+https://github.com/rust-lang/crates.io-index"

[[package]]
name = "r0"
version = "0.2.2"
source = "registry+https://github.com/rust-lang/crates.io-index"

[[package]]
name = "smoltcp"
version = "0.4.0"
source = "git+https://github.com/m-labs/smoltcp.git#21396867114d267da06f19cc54cc4a1883b900a5"
dependencies = [
 "bitflags 1.0.3 (registry+https://github.com/rust-lang/crates.io-index)",
 "byteorder 1.2.4 (registry+https://github.com/rust-lang/crates.io-index)",
 "managed 0.7.1 (registry+https://github.com/rust-lang/crates.io-index)",
]

[[package]]
name = "spin"
version = "0.4.9"
source = "registry+https://github.com/rust-lang/crates.io-index"

[[package]]
name = "stm32f7"
version = "0.2.2"
source = "registry+https://github.com/rust-lang/crates.io-index"
dependencies = [
 "bare-metal 0.2.1 (registry+https://github.com/rust-lang/crates.io-index)",
 "cortex-m 0.5.4 (registry+https://github.com/rust-lang/crates.io-index)",
 "cortex-m-rt 0.5.1 (registry+https://github.com/rust-lang/crates.io-index)",
 "vcell 0.1.0 (registry+https://github.com/rust-lang/crates.io-index)",
]

[[package]]
name = "stm32f7-discovery"
version = "0.1.0"
dependencies = [
 "alloc-cortex-m 0.3.5 (registry+https://github.com/rust-lang/crates.io-index)",
 "arrayvec 0.4.7 (registry+https://github.com/rust-lang/crates.io-index)",
 "bit_field 0.9.0 (registry+https://github.com/rust-lang/crates.io-index)",
 "bitflags 1.0.3 (registry+https://github.com/rust-lang/crates.io-index)",
 "byteorder 1.2.4 (registry+https://github.com/rust-lang/crates.io-index)",
 "cortex-m 0.5.4 (registry+https://github.com/rust-lang/crates.io-index)",
 "cortex-m-rt 0.5.1 (registry+https://github.com/rust-lang/crates.io-index)",
 "cortex-m-semihosting 0.3.0 (registry+https://github.com/rust-lang/crates.io-index)",
 "font8x8 0.1.5 (git+https://github.com/phil-opp/font8x8-rs)",
 "smoltcp 0.4.0 (git+https://github.com/m-labs/smoltcp.git)",
 "spin 0.4.9 (registry+https://github.com/rust-lang/crates.io-index)",
 "stm32f7 0.2.2 (registry+https://github.com/rust-lang/crates.io-index)",
 "volatile 0.2.4 (registry+https://github.com/rust-lang/crates.io-index)",
]

[[package]]
name = "vcell"
version = "0.1.0"
source = "registry+https://github.com/rust-lang/crates.io-index"

[[package]]
name = "volatile"
version = "0.2.4"
source = "registry+https://github.com/rust-lang/crates.io-index"

[[package]]
name = "volatile-register"
version = "0.1.2"
source = "registry+https://github.com/rust-lang/crates.io-index"

[[package]]
name = "volatile-register"
version = "0.2.0"
source = "registry+https://github.com/rust-lang/crates.io-index"
dependencies = [
 "vcell 0.1.0 (registry+https://github.com/rust-lang/crates.io-index)",
]

[metadata]
"checksum aligned 0.2.0 (registry+https://github.com/rust-lang/crates.io-index)" = "d39da9b88ae1a81c03c9c082b8db83f1d0e93914126041962af61034ab44c4a5"
"checksum alloc-cortex-m 0.3.5 (registry+https://github.com/rust-lang/crates.io-index)" = "6d5f7d01bc93ce089de636f946f7f1fdc5e5d751732367e019c9755440e7aef4"
"checksum arrayvec 0.4.7 (registry+https://github.com/rust-lang/crates.io-index)" = "a1e964f9e24d588183fcb43503abda40d288c8657dfc27311516ce2f05675aef"
"checksum bare-metal 0.2.1 (registry+https://github.com/rust-lang/crates.io-index)" = "ad046fbca36b9b8b593ebccb968382d2a196d35dbcaa511e5af5da9aab503fd7"
"checksum bit_field 0.9.0 (registry+https://github.com/rust-lang/crates.io-index)" = "ed8765909f9009617974ab6b7d332625b320b33c326b1e9321382ef1999b5d56"
"checksum bitflags 1.0.3 (registry+https://github.com/rust-lang/crates.io-index)" = "d0c54bb8f454c567f21197eefcdbf5679d0bd99f2ddbe52e84c77061952e6789"
"checksum byteorder 1.2.4 (registry+https://github.com/rust-lang/crates.io-index)" = "8389c509ec62b9fe8eca58c502a0acaf017737355615243496cde4994f8fa4f9"
"checksum cc 1.0.18 (registry+https://github.com/rust-lang/crates.io-index)" = "2119ea4867bd2b8ed3aecab467709720b2d55b1bcfe09f772fd68066eaf15275"
"checksum cortex-m 0.1.7 (registry+https://github.com/rust-lang/crates.io-index)" = "de9b334d0778b1ace2dfb63672594d0c0db093a3924617ad4e2f1669d32832dc"
"checksum cortex-m 0.5.4 (registry+https://github.com/rust-lang/crates.io-index)" = "a0fe072148cea4ada9239b401e5ab704bc6db52d2520be68a2483e5e4a78b8a2"
"checksum cortex-m-rt 0.5.1 (registry+https://github.com/rust-lang/crates.io-index)" = "6d5c26952ec2bdfd3c66cddb22cb6432b042ca9ccda55762ebba68b73adbae5a"
"checksum cortex-m-semihosting 0.3.0 (registry+https://github.com/rust-lang/crates.io-index)" = "0b3d0df96d537c4f66dd9f4d1da21d83f9a5917990196925b3603be85e46071e"
"checksum font8x8 0.1.5 (git+https://github.com/phil-opp/font8x8-rs)" = "<none>"
"checksum linked_list_allocator 0.6.3 (registry+https://github.com/rust-lang/crates.io-index)" = "655d57c71827fe0891ce72231b6aa5e14033dae3f604609e6a6f807267c1678d"
"checksum managed 0.7.1 (registry+https://github.com/rust-lang/crates.io-index)" = "fdcec5e97041c7f0f1c5b7d93f12e57293c831c646f4cc7a5db59460c7ea8de6"
"checksum nodrop 0.1.12 (registry+https://github.com/rust-lang/crates.io-index)" = "9a2228dca57108069a5262f2ed8bd2e82496d2e074a06d1ccc7ce1687b6ae0a2"
"checksum r0 0.2.2 (registry+https://github.com/rust-lang/crates.io-index)" = "e2a38df5b15c8d5c7e8654189744d8e396bddc18ad48041a500ce52d6948941f"
"checksum smoltcp 0.4.0 (git+https://github.com/m-labs/smoltcp.git)" = "<none>"
"checksum spin 0.4.9 (registry+https://github.com/rust-lang/crates.io-index)" = "37b5646825922b96b5d7d676b5bb3458a54498e96ed7b0ce09dc43a07038fea4"
"checksum stm32f7 0.2.2 (registry+https://github.com/rust-lang/crates.io-index)" = "f7b4a4c4481b6e6d7e013de07e8dcdd9f0fbaa92c1f2493ea5250f9b3aa6d464"
"checksum vcell 0.1.0 (registry+https://github.com/rust-lang/crates.io-index)" = "45c297f0afb6928cd08ab1ff9d95e99392595ea25ae1b5ecf822ff8764e57a0d"
"checksum volatile 0.2.4 (registry+https://github.com/rust-lang/crates.io-index)" = "54d4343a2df2d65144a874f95950754ee7b7e8594f6027aae8c7d0f4858a3fe8"
"checksum volatile-register 0.1.2 (registry+https://github.com/rust-lang/crates.io-index)" = "a470889aa8f2d3ad893bd43cd90c824e63e8ac0ee5fe64c5d81a932d184fd549"
"checksum volatile-register 0.2.0 (registry+https://github.com/rust-lang/crates.io-index)" = "0d67cb4616d99b940db1d6bd28844ff97108b498a6ca850e5b6191a532063286"
